// !$*UTF8*$!
{
	archiveVersion = 1;
	classes = {
	};
	objectVersion = 46;
	objects = {

/* Begin PBXBuildFile section */
		4456FF371E07516400A0D598 /* ConstantsTableViewExtension.swift in Sources */ = {isa = PBXBuildFile; fileRef = 4456FF361E07516400A0D598 /* ConstantsTableViewExtension.swift */; };
		4456FF391E07534300A0D598 /* IdentifiersTableViewExtension.swift in Sources */ = {isa = PBXBuildFile; fileRef = 4456FF381E07534300A0D598 /* IdentifiersTableViewExtension.swift */; };
		446446F61E02FD0500DA6BDB /* AppDelegate.swift in Sources */ = {isa = PBXBuildFile; fileRef = 446446F51E02FD0500DA6BDB /* AppDelegate.swift */; };
		446446F81E02FD0500DA6BDB /* ViewController.swift in Sources */ = {isa = PBXBuildFile; fileRef = 446446F71E02FD0500DA6BDB /* ViewController.swift */; };
		446446FA1E02FD0500DA6BDB /* Assets.xcassets in Resources */ = {isa = PBXBuildFile; fileRef = 446446F91E02FD0500DA6BDB /* Assets.xcassets */; };
		446446FD1E02FD0500DA6BDB /* Main.storyboard in Resources */ = {isa = PBXBuildFile; fileRef = 446446FB1E02FD0500DA6BDB /* Main.storyboard */; };
		446447051E02FEB800DA6BDB /* Analyzer.swift in Sources */ = {isa = PBXBuildFile; fileRef = 446447041E02FEB800DA6BDB /* Analyzer.swift */; };
		44A29D231E07482500D6EDF7 /* LexemsTableViewExtension.swift in Sources */ = {isa = PBXBuildFile; fileRef = 44A29D221E07482400D6EDF7 /* LexemsTableViewExtension.swift */; };
/* End PBXBuildFile section */

/* Begin PBXFileReference section */
		4456FF361E07516400A0D598 /* ConstantsTableViewExtension.swift */ = {isa = PBXFileReference; fileEncoding = 4; lastKnownFileType = sourcecode.swift; path = ConstantsTableViewExtension.swift; sourceTree = "<group>"; };
		4456FF381E07534300A0D598 /* IdentifiersTableViewExtension.swift */ = {isa = PBXFileReference; fileEncoding = 4; lastKnownFileType = sourcecode.swift; path = IdentifiersTableViewExtension.swift; sourceTree = "<group>"; };
		446446F21E02FD0500DA6BDB /* Translators.app */ = {isa = PBXFileReference; explicitFileType = wrapper.application; includeInIndex = 0; path = Translators.app; sourceTree = BUILT_PRODUCTS_DIR; };
		446446F51E02FD0500DA6BDB /* AppDelegate.swift */ = {isa = PBXFileReference; lastKnownFileType = sourcecode.swift; path = AppDelegate.swift; sourceTree = "<group>"; };
		446446F71E02FD0500DA6BDB /* ViewController.swift */ = {isa = PBXFileReference; lastKnownFileType = sourcecode.swift; path = ViewController.swift; sourceTree = "<group>"; };
		446446F91E02FD0500DA6BDB /* Assets.xcassets */ = {isa = PBXFileReference; lastKnownFileType = folder.assetcatalog; path = Assets.xcassets; sourceTree = "<group>"; };
		446446FC1E02FD0500DA6BDB /* Base */ = {isa = PBXFileReference; lastKnownFileType = file.storyboard; name = Base; path = Base.lproj/Main.storyboard; sourceTree = "<group>"; };
		446446FE1E02FD0500DA6BDB /* Info.plist */ = {isa = PBXFileReference; lastKnownFileType = text.plist.xml; path = Info.plist; sourceTree = "<group>"; };
		446447041E02FEB800DA6BDB /* Analyzer.swift */ = {isa = PBXFileReference; fileEncoding = 4; lastKnownFileType = sourcecode.swift; path = Analyzer.swift; sourceTree = "<group>"; };
		44A29D221E07482400D6EDF7 /* LexemsTableViewExtension.swift */ = {isa = PBXFileReference; fileEncoding = 4; lastKnownFileType = sourcecode.swift; path = LexemsTableViewExtension.swift; sourceTree = "<group>"; };
/* End PBXFileReference section */

/* Begin PBXFrameworksBuildPhase section */
		446446EF1E02FD0500DA6BDB /* Frameworks */ = {
			isa = PBXFrameworksBuildPhase;
			buildActionMask = 2147483647;
			files = (
			);
			runOnlyForDeploymentPostprocessing = 0;
		};
/* End PBXFrameworksBuildPhase section */

/* Begin PBXGroup section */
		446446E91E02FD0500DA6BDB = {
			isa = PBXGroup;
			children = (
				446446F41E02FD0500DA6BDB /* Translators */,
				446446F31E02FD0500DA6BDB /* Products */,
			);
			sourceTree = "<group>";
		};
		446446F31E02FD0500DA6BDB /* Products */ = {
			isa = PBXGroup;
			children = (
				446446F21E02FD0500DA6BDB /* Translators.app */,
			);
			name = Products;
			sourceTree = "<group>";
		};
		446446F41E02FD0500DA6BDB /* Translators */ = {
			isa = PBXGroup;
			children = (
				44A29D211E07480F00D6EDF7 /* System */,
				4491554A1E0AA20E0067CEBE /* UI */,
				446447041E02FEB800DA6BDB /* Analyzer.swift */,
			);
			path = Translators;
			sourceTree = "<group>";
		};
		4491554A1E0AA20E0067CEBE /* UI */ = {
			isa = PBXGroup;
			children = (
				446446FB1E02FD0500DA6BDB /* Main.storyboard */,
				446446F71E02FD0500DA6BDB /* ViewController.swift */,
				44A29D221E07482400D6EDF7 /* LexemsTableViewExtension.swift */,
				4456FF361E07516400A0D598 /* ConstantsTableViewExtension.swift */,
				4456FF381E07534300A0D598 /* IdentifiersTableViewExtension.swift */,
			);
			name = UI;
			sourceTree = "<group>";
		};
		44A29D211E07480F00D6EDF7 /* System */ = {
			isa = PBXGroup;
			children = (
				446446F51E02FD0500DA6BDB /* AppDelegate.swift */,
				446446F91E02FD0500DA6BDB /* Assets.xcassets */,
				446446FE1E02FD0500DA6BDB /* Info.plist */,
			);
			name = System;
			sourceTree = "<group>";
		};
/* End PBXGroup section */

/* Begin PBXNativeTarget section */
		446446F11E02FD0500DA6BDB /* Translators */ = {
			isa = PBXNativeTarget;
			buildConfigurationList = 446447011E02FD0500DA6BDB /* Build configuration list for PBXNativeTarget "Translators" */;
			buildPhases = (
				446446EE1E02FD0500DA6BDB /* Sources */,
				446446EF1E02FD0500DA6BDB /* Frameworks */,
				446446F01E02FD0500DA6BDB /* Resources */,
			);
			buildRules = (
			);
			dependencies = (
			);
			name = Translators;
			productName = Translators;
			productReference = 446446F21E02FD0500DA6BDB /* Translators.app */;
			productType = "com.apple.product-type.application";
		};
/* End PBXNativeTarget section */

/* Begin PBXProject section */
		446446EA1E02FD0500DA6BDB /* Project object */ = {
			isa = PBXProject;
			attributes = {
				LastSwiftUpdateCheck = 0810;
				LastUpgradeCheck = 0810;
				ORGANIZATIONNAME = "Ruslan Serebryakov";
				TargetAttributes = {
					446446F11E02FD0500DA6BDB = {
						CreatedOnToolsVersion = 8.1;
						ProvisioningStyle = Automatic;
					};
				};
			};
			buildConfigurationList = 446446ED1E02FD0500DA6BDB /* Build configuration list for PBXProject "Translators" */;
			compatibilityVersion = "Xcode 3.2";
			developmentRegion = English;
			hasScannedForEncodings = 0;
			knownRegions = (
				en,
				Base,
			);
			mainGroup = 446446E91E02FD0500DA6BDB;
			productRefGroup = 446446F31E02FD0500DA6BDB /* Products */;
			projectDirPath = "";
			projectRoot = "";
			targets = (
				446446F11E02FD0500DA6BDB /* Translators */,
			);
		};
/* End PBXProject section */

/* Begin PBXResourcesBuildPhase section */
		446446F01E02FD0500DA6BDB /* Resources */ = {
			isa = PBXResourcesBuildPhase;
			buildActionMask = 2147483647;
			files = (
				446446FA1E02FD0500DA6BDB /* Assets.xcassets in Resources */,
				446446FD1E02FD0500DA6BDB /* Main.storyboard in Resources */,
			);
			runOnlyForDeploymentPostprocessing = 0;
		};
/* End PBXResourcesBuildPhase section */

/* Begin PBXSourcesBuildPhase section */
		446446EE1E02FD0500DA6BDB /* Sources */ = {
			isa = PBXSourcesBuildPhase;
			buildActionMask = 2147483647;
			files = (
				446446F81E02FD0500DA6BDB /* ViewController.swift in Sources */,
				446447051E02FEB800DA6BDB /* Analyzer.swift in Sources */,
				4456FF391E07534300A0D598 /* IdentifiersTableViewExtension.swift in Sources */,
				44A29D231E07482500D6EDF7 /* LexemsTableViewExtension.swift in Sources */,
				446446F61E02FD0500DA6BDB /* AppDelegate.swift in Sources */,
				4456FF371E07516400A0D598 /* ConstantsTableViewExtension.swift in Sources */,
			);
			runOnlyForDeploymentPostprocessing = 0;
		};
/* End PBXSourcesBuildPhase section */

/* Begin PBXVariantGroup section */
		446446FB1E02FD0500DA6BDB /* Main.storyboard */ = {
			isa = PBXVariantGroup;
			children = (
				446446FC1E02FD0500DA6BDB /* Base */,
			);
			name = Main.storyboard;
			sourceTree = "<group>";
		};
/* End PBXVariantGroup section */

/* Begin XCBuildConfiguration section */
		446446FF1E02FD0500DA6BDB /* Debug */ = {
			isa = XCBuildConfiguration;
			buildSettings = {
				ALWAYS_SEARCH_USER_PATHS = NO;
				CLANG_ANALYZER_NONNULL = YES;
				CLANG_CXX_LANGUAGE_STANDARD = "gnu++0x";
				CLANG_CXX_LIBRARY = "libc++";
				CLANG_ENABLE_MODULES = YES;
				CLANG_ENABLE_OBJC_ARC = YES;
				CLANG_WARN_BOOL_CONVERSION = YES;
				CLANG_WARN_CONSTANT_CONVERSION = YES;
				CLANG_WARN_DIRECT_OBJC_ISA_USAGE = YES_ERROR;
				CLANG_WARN_DOCUMENTATION_COMMENTS = YES;
				CLANG_WARN_EMPTY_BODY = YES;
				CLANG_WARN_ENUM_CONVERSION = YES;
				CLANG_WARN_INFINITE_RECURSION = YES;
				CLANG_WARN_INT_CONVERSION = YES;
				CLANG_WARN_OBJC_ROOT_CLASS = YES_ERROR;
				CLANG_WARN_SUSPICIOUS_MOVES = YES;
				CLANG_WARN_UNREACHABLE_CODE = YES;
				CLANG_WARN__DUPLICATE_METHOD_MATCH = YES;
				CODE_SIGN_IDENTITY = "-";
				COPY_PHASE_STRIP = NO;
				DEBUG_INFORMATION_FORMAT = dwarf;
				ENABLE_STRICT_OBJC_MSGSEND = YES;
				ENABLE_TESTABILITY = YES;
				GCC_C_LANGUAGE_STANDARD = gnu99;
				GCC_DYNAMIC_NO_PIC = NO;
				GCC_NO_COMMON_BLOCKS = YES;
				GCC_OPTIMIZATION_LEVEL = 0;
				GCC_PREPROCESSOR_DEFINITIONS = (
					"DEBUG=1",
					"$(inherited)",
				);
				GCC_WARN_64_TO_32_BIT_CONVERSION = YES;
				GCC_WARN_ABOUT_RETURN_TYPE = YES_ERROR;
				GCC_WARN_UNDECLARED_SELECTOR = YES;
				GCC_WARN_UNINITIALIZED_AUTOS = YES_AGGRESSIVE;
				GCC_WARN_UNUSED_FUNCTION = YES;
				GCC_WARN_UNUSED_VARIABLE = YES;
				MACOSX_DEPLOYMENT_TARGET = 10.12;
				MTL_ENABLE_DEBUG_INFO = YES;
				ONLY_ACTIVE_ARCH = YES;
				SDKROOT = macosx;
				SWIFT_ACTIVE_COMPILATION_CONDITIONS = DEBUG;
				SWIFT_OPTIMIZATION_LEVEL = "-Onone";
			};
			name = Debug;
		};
		446447001E02FD0500DA6BDB /* Release */ = {
			isa = XCBuildConfiguration;
			buildSettings = {
				ALWAYS_SEARCH_USER_PATHS = NO;
				CLANG_ANALYZER_NONNULL = YES;
				CLANG_CXX_LANGUAGE_STANDARD = "gnu++0x";
				CLANG_CXX_LIBRARY = "libc++";
				CLANG_ENABLE_MODULES = YES;
				CLANG_ENABLE_OBJC_ARC = YES;
				CLANG_WARN_BOOL_CONVERSION = YES;
				CLANG_WARN_CONSTANT_CONVERSION = YES;
				CLANG_WARN_DIRECT_OBJC_ISA_USAGE = YES_ERROR;
				CLANG_WARN_DOCUMENTATION_COMMENTS = YES;
				CLANG_WARN_EMPTY_BODY = YES;
				CLANG_WARN_ENUM_CONVERSION = YES;
				CLANG_WARN_INFINITE_RECURSION = YES;
				CLANG_WARN_INT_CONVERSION = YES;
				CLANG_WARN_OBJC_ROOT_CLASS = YES_ERROR;
				CLANG_WARN_SUSPICIOUS_MOVES = YES;
				CLANG_WARN_UNREACHABLE_CODE = YES;
				CLANG_WARN__DUPLICATE_METHOD_MATCH = YES;
				CODE_SIGN_IDENTITY = "-";
				COPY_PHASE_STRIP = NO;
				DEBUG_INFORMATION_FORMAT = "dwarf-with-dsym";
				ENABLE_NS_ASSERTIONS = NO;
				ENABLE_STRICT_OBJC_MSGSEND = YES;
				GCC_C_LANGUAGE_STANDARD = gnu99;
				GCC_NO_COMMON_BLOCKS = YES;
				GCC_WARN_64_TO_32_BIT_CONVERSION = YES;
				GCC_WARN_ABOUT_RETURN_TYPE = YES_ERROR;
				GCC_WARN_UNDECLARED_SELECTOR = YES;
				GCC_WARN_UNINITIALIZED_AUTOS = YES_AGGRESSIVE;
				GCC_WARN_UNUSED_FUNCTION = YES;
				GCC_WARN_UNUSED_VARIABLE = YES;
				MACOSX_DEPLOYMENT_TARGET = 10.12;
				MTL_ENABLE_DEBUG_INFO = NO;
				SDKROOT = macosx;
				SWIFT_OPTIMIZATION_LEVEL = "-Owholemodule";
			};
			name = Release;
		};
		446447021E02FD0500DA6BDB /* Debug */ = {
			isa = XCBuildConfiguration;
			buildSettings = {
				ASSETCATALOG_COMPILER_APPICON_NAME = AppIcon;
				COMBINE_HIDPI_IMAGES = YES;
				INFOPLIST_FILE = Translators/Info.plist;
				LD_RUNPATH_SEARCH_PATHS = "$(inherited) @executable_path/../Frameworks";
				PRODUCT_BUNDLE_IDENTIFIER = ruslanserebriakov.Translators;
				PRODUCT_NAME = "$(TARGET_NAME)";
				SWIFT_VERSION = 3.0;
			};
			name = Debug;
		};
		446447031E02FD0500DA6BDB /* Release */ = {
			isa = XCBuildConfiguration;
			buildSettings = {
				ASSETCATALOG_COMPILER_APPICON_NAME = AppIcon;
				COMBINE_HIDPI_IMAGES = YES;
				INFOPLIST_FILE = Translators/Info.plist;
				LD_RUNPATH_SEARCH_PATHS = "$(inherited) @executable_path/../Frameworks";
				PRODUCT_BUNDLE_IDENTIFIER = ruslanserebriakov.Translators;
				PRODUCT_NAME = "$(TARGET_NAME)";
				SWIFT_VERSION = 3.0;
			};
			name = Release;
		};
/* End XCBuildConfiguration section */

/* Begin XCConfigurationList section */
		446446ED1E02FD0500DA6BDB /* Build configuration list for PBXProject "Translators" */ = {
			isa = XCConfigurationList;
			buildConfigurations = (
				446446FF1E02FD0500DA6BDB /* Debug */,
				446447001E02FD0500DA6BDB /* Release */,
			);
			defaultConfigurationIsVisible = 0;
			defaultConfigurationName = Release;
		};
		446447011E02FD0500DA6BDB /* Build configuration list for PBXNativeTarget "Translators" */ = {
			isa = XCConfigurationList;
			buildConfigurations = (
				446447021E02FD0500DA6BDB /* Debug */,
				446447031E02FD0500DA6BDB /* Release */,
			);
			defaultConfigurationIsVisible = 0;
			defaultConfigurationName = Release;
		};
/* End XCConfigurationList section */
	};
	rootObject = 446446EA1E02FD0500DA6BDB /* Project object */;
}
